
Microsoft Visual Studio Solution File, Format Version 12.00
# Visual Studio Version 16
VisualStudioVersion = 16.0.34931.43
MinimumVisualStudioVersion = 10.0.40219.1
Project("{FAE04EC0-301F-11D3-BF4B-00C04F79EFBC}") = "TestTaskEPTL_UI", "TestTaskEPTL_UI\TestTaskEPTL_UI.csproj", "{614D326B-F101-4F9A-94E9-DEAEDE3FDF12}"
EndProject
Global
	GlobalSection(SolutionConfigurationPlatforms) = preSolution
		Debug|Any CPU = Debug|Any CPU
		Release|Any CPU = Release|Any CPU
	EndGlobalSection
	GlobalSection(ProjectConfigurationPlatforms) = postSolution
		{614D326B-F101-4F9A-94E9-DEAEDE3FDF12}.Debug|Any CPU.ActiveCfg = Debug|Any CPU
		{614D326B-F101-4F9A-94E9-DEAEDE3FDF12}.Debug|Any CPU.Build.0 = Debug|Any CPU
		{614D326B-F101-4F9A-94E9-DEAEDE3FDF12}.Release|Any CPU.ActiveCfg = Release|Any CPU
		{614D326B-F101-4F9A-94E9-DEAEDE3FDF12}.Release|Any CPU.Build.0 = Release|Any CPU
	EndGlobalSection
	GlobalSection(SolutionProperties) = preSolution
		HideSolutionNode = FALSE
	EndGlobalSection
	GlobalSection(ExtensibilityGlobals) = postSolution
		SolutionGuid = {D9BED14A-9188-448D-86AF-72BFD12FC27A}
	EndGlobalSection
EndGlobal
